
Microsoft Visual Studio Solution File, Format Version 12.00
# Visual Studio Version 17
VisualStudioVersion = 17.4.33205.214
MinimumVisualStudioVersion = 10.0.40219.1
Project("{FAE04EC0-301F-11D3-BF4B-00C04F79EFBC}") = "SGE", "SGE.csproj", "{EDD7F02D-AFDE-4B66-942C-7C3810BDEBB2}"
EndProject
Global
	GlobalSection(SolutionConfigurationPlatforms) = preSolution
		Debug|Any CPU = Debug|Any CPU
		Release|Any CPU = Release|Any CPU
	EndGlobalSection
	GlobalSection(ProjectConfigurationPlatforms) = postSolution
		{EDD7F02D-AFDE-4B66-942C-7C3810BDEBB2}.Debug|Any CPU.ActiveCfg = Debug|Any CPU
		{EDD7F02D-AFDE-4B66-942C-7C3810BDEBB2}.Debug|Any CPU.Build.0 = Debug|Any CPU
		{EDD7F02D-AFDE-4B66-942C-7C3810BDEBB2}.Release|Any CPU.ActiveCfg = Release|Any CPU
		{EDD7F02D-AFDE-4B66-942C-7C3810BDEBB2}.Release|Any CPU.Build.0 = Release|Any CPU
	EndGlobalSection
	GlobalSection(SolutionProperties) = preSolution
		HideSolutionNode = FALSE
	EndGlobalSection
	GlobalSection(ExtensibilityGlobals) = postSolution
		SolutionGuid = {56C6DEE9-74F2-4B90-A7CF-006DE3E3641A}
	EndGlobalSection
EndGlobal
